{
  "originHash" : "254be8b517bdba70c7fb5cb54b0ef277b5f9c40ead1cda7095b381bb9a961e51",
  "pins" : [
    {
      "identity" : "kingfisher",
      "kind" : "remoteSourceControl",
      "location" : "https://github.com/onevcat/Kingfisher.git",
      "state" : {
        "revision" : "ac632bd26a1c00f139ff62fd01806f21cf67325e",
        "version" : "8.10.0"
      }
    }
  ],
  "version" : 3
}
