// !$*UTF8*$!
{
	archiveVersion = 1;
	classes = {
	};
	objectVersion = 46;
	objects = {

/* Begin PBXAggregateTarget section */
		BB6B848917C263E000ACD753 /* OsmAnd Preparation */ = {
			isa = PBXAggregateTarget;
			buildConfigurationList = BB6B848A17C263E000ACD753 /* Build configuration list for PBXAggregateTarget "OsmAnd Preparation" */;
			buildPhases = (
				BB6B848D17C263ED00ACD753 /* Generate appversion */,
				BB63333F17C364B100903AB1 /* Configure externals */,
			);
			dependencies = (
			);
			name = "OsmAnd Preparation";
			productName = "OsmAnd Generators";
		};
/* End PBXAggregateTarget section */

/* Begin PBXBuildFile section */
		BB08E4F618B960F600BC6638 /* libicu4c_static.a in Frameworks */ = {isa = PBXBuildFile; fileRef = BB08E4F518B960F600BC6638 /* libicu4c_static.a */; };
		BB098CF51793F7FD00423944 /* UIKit.framework in Frameworks */ = {isa = PBXBuildFile; fileRef = BB098CF41793F7FD00423944 /* UIKit.framework */; };
		BB098CF71793F7FD00423944 /* Foundation.framework in Frameworks */ = {isa = PBXBuildFile; fileRef = BB098CF61793F7FD00423944 /* Foundation.framework */; };
		BB098CF91793F7FD00423944 /* CoreGraphics.framework in Frameworks */ = {isa = PBXBuildFile; fileRef = BB098CF81793F7FD00423944 /* CoreGraphics.framework */; };
		BB098D011793F7FD00423944 /* main.m in Sources */ = {isa = PBXBuildFile; fileRef = BB098D001793F7FD00423944 /* main.m */; };
		BB098D051793F7FD00423944 /* OAAppDelegate.mm in Sources */ = {isa = PBXBuildFile; fileRef = BB098D041793F7FD00423944 /* OAAppDelegate.mm */; };
		BB0EA14A17C60AF9007B572D /* OARootViewController.m in Sources */ = {isa = PBXBuildFile; fileRef = BB0EA14817C60AF9007B572D /* OARootViewController.m */; };
		BB10503318D058D0005322D8 /* ShippedResources in Resources */ = {isa = PBXBuildFile; fileRef = BB10503218D058D0005322D8 /* ShippedResources */; };
		BB2545BC1798253E00E80B58 /* OpenGLES.framework in Frameworks */ = {isa = PBXBuildFile; fileRef = BB2545BB1798253E00E80B58 /* OpenGLES.framework */; };
		BB2545BE1798254B00E80B58 /* QuartzCore.framework in Frameworks */ = {isa = PBXBuildFile; fileRef = BB2545BD1798254B00E80B58 /* QuartzCore.framework */; };
		BB476B6A18D4C7D90044D5E1 /* DriveModeHUD.xib in Resources */ = {isa = PBXBuildFile; fileRef = BB476B6918D4C7D90044D5E1 /* DriveModeHUD.xib */; };
		BB476B6C18D4C7F30044D5E1 /* DriveModeHUD~ipad.xib in Resources */ = {isa = PBXBuildFile; fileRef = BB476B6B18D4C7F30044D5E1 /* DriveModeHUD~ipad.xib */; };
		BB476B6E18D4C8200044D5E1 /* NavigationModeHUD.xib in Resources */ = {isa = PBXBuildFile; fileRef = BB476B6D18D4C8200044D5E1 /* NavigationModeHUD.xib */; };
		BB476B7018D4C83E0044D5E1 /* NavigationModeHUD~ipad.xib in Resources */ = {isa = PBXBuildFile; fileRef = BB476B6F18D4C83E0044D5E1 /* NavigationModeHUD~ipad.xib */; };
		BB5D90DB18A662C700EFAD92 /* libexpat_static.a in Frameworks */ = {isa = PBXBuildFile; fileRef = BB5D90D118A662C700EFAD92 /* libexpat_static.a */; };
		BB5D90DC18A662C800EFAD92 /* libgdal_static.a in Frameworks */ = {isa = PBXBuildFile; fileRef = BB5D90D218A662C700EFAD92 /* libgdal_static.a */; };
		BB5D90DD18A662C800EFAD92 /* libgif_static.a in Frameworks */ = {isa = PBXBuildFile; fileRef = BB5D90D318A662C700EFAD92 /* libgif_static.a */; };
		BB5D90DE18A662C800EFAD92 /* libglsl-optimizer_static.a in Frameworks */ = {isa = PBXBuildFile; fileRef = BB5D90D418A662C700EFAD92 /* libglsl-optimizer_static.a */; };
		BB5D90DF18A662C800EFAD92 /* libjpeg_static.a in Frameworks */ = {isa = PBXBuildFile; fileRef = BB5D90D518A662C700EFAD92 /* libjpeg_static.a */; };
		BB5D90E018A662C800EFAD92 /* libOsmAndCore_static.a in Frameworks */ = {isa = PBXBuildFile; fileRef = BB5D90D618A662C700EFAD92 /* libOsmAndCore_static.a */; };
		BB5D90E118A662C800EFAD92 /* libpng_static.a in Frameworks */ = {isa = PBXBuildFile; fileRef = BB5D90D718A662C700EFAD92 /* libpng_static.a */; };
		BB5D90E218A662C800EFAD92 /* libprotobuf_static.a in Frameworks */ = {isa = PBXBuildFile; fileRef = BB5D90D818A662C700EFAD92 /* libprotobuf_static.a */; };
		BB5D90E318A662C800EFAD92 /* libskia_static.a in Frameworks */ = {isa = PBXBuildFile; fileRef = BB5D90D918A662C700EFAD92 /* libskia_static.a */; };
		BB5D90E418A662C800EFAD92 /* libz_static.a in Frameworks */ = {isa = PBXBuildFile; fileRef = BB5D90DA18A662C700EFAD92 /* libz_static.a */; };
		BB63333717C3643B00903AB1 /* libTestFlight.a in Frameworks */ = {isa = PBXBuildFile; fileRef = BB63333317C3643B00903AB1 /* libTestFlight.a */; };
		BB63333D17C3648500903AB1 /* JASidePanelController.m in Sources */ = {isa = PBXBuildFile; fileRef = BB63333A17C3648500903AB1 /* JASidePanelController.m */; };
		BB63333E17C3648500903AB1 /* UIViewController+JASidePanel.m in Sources */ = {isa = PBXBuildFile; fileRef = BB63333C17C3648500903AB1 /* UIViewController+JASidePanel.m */; };
		BB63334517C3DE6F00903AB1 /* OAOptionsPanelViewController.m in Sources */ = {isa = PBXBuildFile; fileRef = BB63334417C3DE6F00903AB1 /* OAOptionsPanelViewController.m */; };
		BB63334817C3DF5600903AB1 /* OAContextPanelViewController.m in Sources */ = {isa = PBXBuildFile; fileRef = BB63334717C3DF5600903AB1 /* OAContextPanelViewController.m */; };
		BB63334B17C3DF8200903AB1 /* OAMapPanelViewController.m in Sources */ = {isa = PBXBuildFile; fileRef = BB63334A17C3DF8100903AB1 /* OAMapPanelViewController.m */; };
		BB63335117C4CFD600903AB1 /* OAMapHudViewController.m in Sources */ = {isa = PBXBuildFile; fileRef = BB63335017C4CFD600903AB1 /* OAMapHudViewController.m */; };
		BB63335717C4E3DE00903AB1 /* OAMapHudRootView.m in Sources */ = {isa = PBXBuildFile; fileRef = BB63335617C4E3DE00903AB1 /* OAMapHudRootView.m */; };
		BB63335B17C5388A00903AB1 /* UIViewController+OARootVC.m in Sources */ = {isa = PBXBuildFile; fileRef = BB63335A17C5388A00903AB1 /* UIViewController+OARootVC.m */; };
		BBA858E717C222B200AADCC7 /* OAMapRendererViewController.mm in Sources */ = {isa = PBXBuildFile; fileRef = BBA858E617C222B200AADCC7 /* OAMapRendererViewController.mm */; };
		BBA858EA17C222BD00AADCC7 /* OAMapRendererView.mm in Sources */ = {isa = PBXBuildFile; fileRef = BBA858E917C222BD00AADCC7 /* OAMapRendererView.mm */; };
		BBA8590E17C24E8C00AADCC7 /* Default-568h@2x.png in Resources */ = {isa = PBXBuildFile; fileRef = BBA8590D17C24E8C00AADCC7 /* Default-568h@2x.png */; };
		BBA8591017C24E9500AADCC7 /* Default@2x.png in Resources */ = {isa = PBXBuildFile; fileRef = BBA8590F17C24E9500AADCC7 /* Default@2x.png */; };
		BBA8591217C24E9B00AADCC7 /* Default.png in Resources */ = {isa = PBXBuildFile; fileRef = BBA8591117C24E9B00AADCC7 /* Default.png */; };
		BBA8591417C24EB500AADCC7 /* Default-Portrait~ipad.png in Resources */ = {isa = PBXBuildFile; fileRef = BBA8591317C24EB500AADCC7 /* Default-Portrait~ipad.png */; };
		BBA8591617C24EC700AADCC7 /* Default-Portrait@2x~ipad.png in Resources */ = {isa = PBXBuildFile; fileRef = BBA8591517C24EC700AADCC7 /* Default-Portrait@2x~ipad.png */; };
		BBA8591817C24EDB00AADCC7 /* Default-Landscape~ipad.png in Resources */ = {isa = PBXBuildFile; fileRef = BBA8591717C24EDA00AADCC7 /* Default-Landscape~ipad.png */; };
		BBA8591A17C24EE800AADCC7 /* Default-Landscape@2x~ipad.png in Resources */ = {isa = PBXBuildFile; fileRef = BBA8591917C24EE800AADCC7 /* Default-Landscape@2x~ipad.png */; };
		BBAC895817C252B2003CD1A4 /* Icon-72.png in Resources */ = {isa = PBXBuildFile; fileRef = BBAC895717C252B2003CD1A4 /* Icon-72.png */; };
		BBAC895A17C252B8003CD1A4 /* Icon-72@2x.png in Resources */ = {isa = PBXBuildFile; fileRef = BBAC895917C252B8003CD1A4 /* Icon-72@2x.png */; };
		BBAC895C17C252CD003CD1A4 /* Icon@2x.png in Resources */ = {isa = PBXBuildFile; fileRef = BBAC895B17C252CD003CD1A4 /* Icon@2x.png */; };
		BBAC895E17C25A67003CD1A4 /* Icon.png in Resources */ = {isa = PBXBuildFile; fileRef = BBAC895D17C25A67003CD1A4 /* Icon.png */; };
		BBACF10817C61B1700EBA761 /* OptionsPanel.xib in Resources */ = {isa = PBXBuildFile; fileRef = BBACF10717C61B1700EBA761 /* OptionsPanel.xib */; };
		BBACF10A17C61D8500EBA761 /* MapModeHUD.xib in Resources */ = {isa = PBXBuildFile; fileRef = BBACF10917C61D8500EBA761 /* MapModeHUD.xib */; };
		BBACF10D17C6293300EBA761 /* OsmAndApp.mm in Sources */ = {isa = PBXBuildFile; fileRef = BBACF10C17C6293300EBA761 /* OsmAndApp.mm */; };
		BBB34EA5179BB42A004C5567 /* libQt5Core.a in Frameworks */ = {isa = PBXBuildFile; fileRef = BBB34EA2179BB42A004C5567 /* libQt5Core.a */; };
		BBB34EA6179BB42A004C5567 /* libQt5Network.a in Frameworks */ = {isa = PBXBuildFile; fileRef = BBB34EA3179BB42A004C5567 /* libQt5Network.a */; };
		BBB34EA7179BB42A004C5567 /* libQt5Sql.a in Frameworks */ = {isa = PBXBuildFile; fileRef = BBB34EA4179BB42A004C5567 /* libQt5Sql.a */; };
		BBB34EA9179BBD21004C5567 /* libz.dylib in Frameworks */ = {isa = PBXBuildFile; fileRef = BBB34EA8179BBD21004C5567 /* libz.dylib */; };
		BBB34ED7179BC516004C5567 /* CoreText.framework in Frameworks */ = {isa = PBXBuildFile; fileRef = BBB34ED6179BC516004C5567 /* CoreText.framework */; };
		BBB34EE7179BF2A7004C5567 /* libiconv.dylib in Frameworks */ = {isa = PBXBuildFile; fileRef = BBB34EE6179BF2A7004C5567 /* libiconv.dylib */; };
		BBB3F6AB18A4DEF0001C3175 /* Security.framework in Frameworks */ = {isa = PBXBuildFile; fileRef = BBB3F6AA18A4DEF0001C3175 /* Security.framework */; };
		BBB9AA2618D4BF690034AEAF /* GeneratedResources in Resources */ = {isa = PBXBuildFile; fileRef = BBB9AA2518D4BF690034AEAF /* GeneratedResources */; };
		BBBDAD5A18BBE74400E4A359 /* MapModeHUD~ipad.xib in Resources */ = {isa = PBXBuildFile; fileRef = BBBDAD5918BBE74400E4A359 /* MapModeHUD~ipad.xib */; };
		BBBDAD7818BBFC0F00E4A359 /* compassDirectionN.png in Resources */ = {isa = PBXBuildFile; fileRef = BBBDAD6518BBFC0F00E4A359 /* compassDirectionN.png */; };
		BBBDAD7918BBFC0F00E4A359 /* compassDirectionN@2x.png in Resources */ = {isa = PBXBuildFile; fileRef = BBBDAD6618BBFC0F00E4A359 /* compassDirectionN@2x.png */; };
		BBBDAD7A18BBFC0F00E4A359 /* compassDirectionN@2x~ipad.png in Resources */ = {isa = PBXBuildFile; fileRef = BBBDAD6718BBFC0F00E4A359 /* compassDirectionN@2x~ipad.png */; };
		BBBDAD7B18BBFC0F00E4A359 /* compassDirectionN~ipad.png in Resources */ = {isa = PBXBuildFile; fileRef = BBBDAD6818BBFC0F00E4A359 /* compassDirectionN~ipad.png */; };
		BBBDAD7C18BBFC0F00E4A359 /* followMapMode.png in Resources */ = {isa = PBXBuildFile; fileRef = BBBDAD6A18BBFC0F00E4A359 /* followMapMode.png */; };
		BBBDAD7D18BBFC0F00E4A359 /* followMapMode@2x.png in Resources */ = {isa = PBXBuildFile; fileRef = BBBDAD6B18BBFC0F00E4A359 /* followMapMode@2x.png */; };
		BBBDAD7E18BBFC0F00E4A359 /* followMapMode@2x~ipad.png in Resources */ = {isa = PBXBuildFile; fileRef = BBBDAD6C18BBFC0F00E4A359 /* followMapMode@2x~ipad.png */; };
		BBBDAD7F18BBFC0F00E4A359 /* followMapMode~ipad.png in Resources */ = {isa = PBXBuildFile; fileRef = BBBDAD6D18BBFC0F00E4A359 /* followMapMode~ipad.png */; };
		BBBDAD8018BBFC0F00E4A359 /* freeMapMode.png in Resources */ = {isa = PBXBuildFile; fileRef = BBBDAD6F18BBFC0F00E4A359 /* freeMapMode.png */; };
		BBBDAD8118BBFC0F00E4A359 /* freeMapMode@2x.png in Resources */ = {isa = PBXBuildFile; fileRef = BBBDAD7018BBFC0F00E4A359 /* freeMapMode@2x.png */; };
		BBBDAD8218BBFC0F00E4A359 /* freeMapMode@2x~ipad.png in Resources */ = {isa = PBXBuildFile; fileRef = BBBDAD7118BBFC0F00E4A359 /* freeMapMode@2x~ipad.png */; };
		BBBDAD8318BBFC0F00E4A359 /* freeMapMode~ipad.png in Resources */ = {isa = PBXBuildFile; fileRef = BBBDAD7218BBFC0F00E4A359 /* freeMapMode~ipad.png */; };
		BBBDAD8418BBFC0F00E4A359 /* positionTrackMapMode.png in Resources */ = {isa = PBXBuildFile; fileRef = BBBDAD7418BBFC0F00E4A359 /* positionTrackMapMode.png */; };
		BBBDAD8518BBFC0F00E4A359 /* positionTrackMapMode@2x.png in Resources */ = {isa = PBXBuildFile; fileRef = BBBDAD7518BBFC0F00E4A359 /* positionTrackMapMode@2x.png */; };
		BBBDAD8618BBFC0F00E4A359 /* positionTrackMapMode@2x~ipad.png in Resources */ = {isa = PBXBuildFile; fileRef = BBBDAD7618BBFC0F00E4A359 /* positionTrackMapMode@2x~ipad.png */; };
		BBBDAD8718BBFC0F00E4A359 /* positionTrackMapMode~ipad.png in Resources */ = {isa = PBXBuildFile; fileRef = BBBDAD7718BBFC0F00E4A359 /* positionTrackMapMode~ipad.png */; };
		BBBDAD8D18BC008D00E4A359 /* mapModeButtonBackground.png in Resources */ = {isa = PBXBuildFile; fileRef = BBBDAD8918BC008D00E4A359 /* mapModeButtonBackground.png */; };
		BBBDAD8E18BC008D00E4A359 /* mapModeButtonBackground@2x.png in Resources */ = {isa = PBXBuildFile; fileRef = BBBDAD8A18BC008D00E4A359 /* mapModeButtonBackground@2x.png */; };
		BBBDAD8F18BC008D00E4A359 /* mapModeButtonBackground@2x~ipad.png in Resources */ = {isa = PBXBuildFile; fileRef = BBBDAD8B18BC008D00E4A359 /* mapModeButtonBackground@2x~ipad.png */; };
		BBBDAD9018BC008D00E4A359 /* mapModeButtonBackground~ipad.png in Resources */ = {isa = PBXBuildFile; fileRef = BBBDAD8C18BC008D00E4A359 /* mapModeButtonBackground~ipad.png */; };
		BBBDAD9618BC05EA00E4A359 /* optionsMenuButton.png in Resources */ = {isa = PBXBuildFile; fileRef = BBBDAD9218BC05EA00E4A359 /* optionsMenuButton.png */; };
		BBBDAD9718BC05EA00E4A359 /* optionsMenuButton@2x.png in Resources */ = {isa = PBXBuildFile; fileRef = BBBDAD9318BC05EA00E4A359 /* optionsMenuButton@2x.png */; };
		BBBDAD9818BC05EA00E4A359 /* optionsMenuButton@2x~ipad.png in Resources */ = {isa = PBXBuildFile; fileRef = BBBDAD9418BC05EA00E4A359 /* optionsMenuButton@2x~ipad.png */; };
		BBBDAD9918BC05EA00E4A359 /* optionsMenuButton~ipad.png in Resources */ = {isa = PBXBuildFile; fileRef = BBBDAD9518BC05EA00E4A359 /* optionsMenuButton~ipad.png */; };
		BBBDAD9F18BC08C100E4A359 /* compassButtonBackground.png in Resources */ = {isa = PBXBuildFile; fileRef = BBBDAD9B18BC08C100E4A359 /* compassButtonBackground.png */; };
		BBBDADA018BC08C100E4A359 /* compassButtonBackground@2x.png in Resources */ = {isa = PBXBuildFile; fileRef = BBBDAD9C18BC08C100E4A359 /* compassButtonBackground@2x.png */; };
		BBBDADA118BC08C100E4A359 /* compassButtonBackground@2x~ipad.png in Resources */ = {isa = PBXBuildFile; fileRef = BBBDAD9D18BC08C100E4A359 /* compassButtonBackground@2x~ipad.png */; };
		BBBDADA218BC08C100E4A359 /* compassButtonBackground~ipad.png in Resources */ = {isa = PBXBuildFile; fileRef = BBBDAD9E18BC08C100E4A359 /* compassButtonBackground~ipad.png */; };
		BBBDADA818BC963800E4A359 /* OAAutoObserverProxy.m in Sources */ = {isa = PBXBuildFile; fileRef = BBBDADA718BC963800E4A359 /* OAAutoObserverProxy.m */; };
		BBBDADAB18BC965100E4A359 /* OAObservable.m in Sources */ = {isa = PBXBuildFile; fileRef = BBBDADAA18BC965100E4A359 /* OAObservable.m */; };
		BBBDADB318BCBE9700E4A359 /* OsmAndAppImpl.mm in Sources */ = {isa = PBXBuildFile; fileRef = BBBDADB218BCBE9700E4A359 /* OsmAndAppImpl.mm */; };
		BBBDADB718BCE77400E4A359 /* OALocationServices.m in Sources */ = {isa = PBXBuildFile; fileRef = BBBDADB618BCE77400E4A359 /* OALocationServices.m */; };
		BBBDADB918BCF53500E4A359 /* CoreLocation.framework in Frameworks */ = {isa = PBXBuildFile; fileRef = BBBDADB818BCF53500E4A359 /* CoreLocation.framework */; };
		BBBE454F1856544000F1C144 /* ExternalResourcesProvider.mm in Sources */ = {isa = PBXBuildFile; fileRef = BBBE454E1856544000F1C144 /* ExternalResourcesProvider.mm */; };
		BBD49BA418A01E80009DB4D5 /* drawable-xhdpi in Resources */ = {isa = PBXBuildFile; fileRef = BBD49BA318A01E80009DB4D5 /* drawable-xhdpi */; };
/* End PBXBuildFile section */

/* Begin PBXContainerItemProxy section */
		BB9B57BE17C5F817002EA93C /* PBXContainerItemProxy */ = {
			isa = PBXContainerItemProxy;
			containerPortal = BB098CE91793F7FD00423944 /* Project object */;
			proxyType = 1;
			remoteGlobalIDString = BB6B848917C263E000ACD753;
			remoteInfo = "OsmAnd Preparation";
		};
/* End PBXContainerItemProxy section */

/* Begin PBXFileReference section */
		BB08E4F518B960F600BC6638 /* libicu4c_static.a */ = {isa = PBXFileReference; lastKnownFileType = archive.ar; name = libicu4c_static.a; path = "../binaries/ios-iphoneos/Debug/libicu4c_static.a"; sourceTree = "<group>"; };
		BB098CF11793F7FD00423944 /* OsmAnd.app */ = {isa = PBXFileReference; explicitFileType = wrapper.application; includeInIndex = 0; path = OsmAnd.app; sourceTree = BUILT_PRODUCTS_DIR; };
		BB098CF41793F7FD00423944 /* UIKit.framework */ = {isa = PBXFileReference; lastKnownFileType = wrapper.framework; name = UIKit.framework; path = System/Library/Frameworks/UIKit.framework; sourceTree = SDKROOT; };
		BB098CF61793F7FD00423944 /* Foundation.framework */ = {isa = PBXFileReference; lastKnownFileType = wrapper.framework; name = Foundation.framework; path = System/Library/Frameworks/Foundation.framework; sourceTree = SDKROOT; };
		BB098CF81793F7FD00423944 /* CoreGraphics.framework */ = {isa = PBXFileReference; lastKnownFileType = wrapper.framework; name = CoreGraphics.framework; path = System/Library/Frameworks/CoreGraphics.framework; sourceTree = SDKROOT; };
		BB098D001793F7FD00423944 /* main.m */ = {isa = PBXFileReference; lastKnownFileType = sourcecode.c.objc; path = main.m; sourceTree = "<group>"; };
		BB098D031793F7FD00423944 /* OAAppDelegate.h */ = {isa = PBXFileReference; lastKnownFileType = sourcecode.c.h; path = OAAppDelegate.h; sourceTree = "<group>"; };
		BB098D041793F7FD00423944 /* OAAppDelegate.mm */ = {isa = PBXFileReference; lastKnownFileType = sourcecode.cpp.objcpp; path = OAAppDelegate.mm; sourceTree = "<group>"; };
		BB0EA14717C60AF9007B572D /* OARootViewController.h */ = {isa = PBXFileReference; fileEncoding = 4; lastKnownFileType = sourcecode.c.h; name = OARootViewController.h; path = Controllers/OARootViewController.h; sourceTree = "<group>"; };
		BB0EA14817C60AF9007B572D /* OARootViewController.m */ = {isa = PBXFileReference; fileEncoding = 4; lastKnownFileType = sourcecode.c.objc; name = OARootViewController.m; path = Controllers/OARootViewController.m; sourceTree = "<group>"; };
		BB10503218D058D0005322D8 /* ShippedResources */ = {isa = PBXFileReference; lastKnownFileType = folder; path = ShippedResources; sourceTree = "<group>"; };
		BB2545AD1797287300E80B58 /* libOsmAndCore_ios.a */ = {isa = PBXFileReference; lastKnownFileType = archive.ar; name = libOsmAndCore_ios.a; path = "${CONFIGURATION_BUILD_DIR}/libOsmAndCore_ios.a"; sourceTree = "<group>"; };
		BB2545BB1798253E00E80B58 /* OpenGLES.framework */ = {isa = PBXFileReference; lastKnownFileType = wrapper.framework; name = OpenGLES.framework; path = System/Library/Frameworks/OpenGLES.framework; sourceTree = SDKROOT; };
		BB2545BD1798254B00E80B58 /* QuartzCore.framework */ = {isa = PBXFileReference; lastKnownFileType = wrapper.framework; name = QuartzCore.framework; path = System/Library/Frameworks/QuartzCore.framework; sourceTree = SDKROOT; };
		BB35368817ACDD4E00AD6357 /* libglsl-optimizer_ios.a */ = {isa = PBXFileReference; lastKnownFileType = archive.ar; name = "libglsl-optimizer_ios.a"; path = "../core/externals/glsl-optimizer/build/Release-iphoneos/libglsl-optimizer_ios.a"; sourceTree = "<group>"; };
		BB476B6918D4C7D90044D5E1 /* DriveModeHUD.xib */ = {isa = PBXFileReference; fileEncoding = 4; lastKnownFileType = file.xib; name = DriveModeHUD.xib; path = Resources/DriveModeHUD.xib; sourceTree = "<group>"; };
		BB476B6B18D4C7F30044D5E1 /* DriveModeHUD~ipad.xib */ = {isa = PBXFileReference; fileEncoding = 4; lastKnownFileType = file.xib; name = "DriveModeHUD~ipad.xib"; path = "Resources/DriveModeHUD~ipad.xib"; sourceTree = "<group>"; };
		BB476B6D18D4C8200044D5E1 /* NavigationModeHUD.xib */ = {isa = PBXFileReference; fileEncoding = 4; lastKnownFileType = file.xib; name = NavigationModeHUD.xib; path = Resources/NavigationModeHUD.xib; sourceTree = "<group>"; };
		BB476B6F18D4C83E0044D5E1 /* NavigationModeHUD~ipad.xib */ = {isa = PBXFileReference; fileEncoding = 4; lastKnownFileType = file.xib; name = "NavigationModeHUD~ipad.xib"; path = "Resources/NavigationModeHUD~ipad.xib"; sourceTree = "<group>"; };
		BB5D90D118A662C700EFAD92 /* libexpat_static.a */ = {isa = PBXFileReference; lastKnownFileType = archive.ar; name = libexpat_static.a; path = ../binaries/ios/fat/Debug/libexpat_static.a; sourceTree = "<group>"; };
		BB5D90D218A662C700EFAD92 /* libgdal_static.a */ = {isa = PBXFileReference; lastKnownFileType = archive.ar; name = libgdal_static.a; path = ../binaries/ios/fat/Debug/libgdal_static.a; sourceTree = "<group>"; };
		BB5D90D318A662C700EFAD92 /* libgif_static.a */ = {isa = PBXFileReference; lastKnownFileType = archive.ar; name = libgif_static.a; path = ../binaries/ios/fat/Debug/libgif_static.a; sourceTree = "<group>"; };
		BB5D90D418A662C700EFAD92 /* libglsl-optimizer_static.a */ = {isa = PBXFileReference; lastKnownFileType = archive.ar; name = "libglsl-optimizer_static.a"; path = "../binaries/ios/fat/Debug/libglsl-optimizer_static.a"; sourceTree = "<group>"; };
		BB5D90D518A662C700EFAD92 /* libjpeg_static.a */ = {isa = PBXFileReference; lastKnownFileType = archive.ar; name = libjpeg_static.a; path = ../binaries/ios/fat/Debug/libjpeg_static.a; sourceTree = "<group>"; };
		BB5D90D618A662C700EFAD92 /* libOsmAndCore_static.a */ = {isa = PBXFileReference; lastKnownFileType = archive.ar; name = libOsmAndCore_static.a; path = ../binaries/ios/fat/Debug/libOsmAndCore_static.a; sourceTree = "<group>"; };
		BB5D90D718A662C700EFAD92 /* libpng_static.a */ = {isa = PBXFileReference; lastKnownFileType = archive.ar; name = libpng_static.a; path = ../binaries/ios/fat/Debug/libpng_static.a; sourceTree = "<group>"; };
		BB5D90D818A662C700EFAD92 /* libprotobuf_static.a */ = {isa = PBXFileReference; lastKnownFileType = archive.ar; name = libprotobuf_static.a; path = ../binaries/ios/fat/Debug/libprotobuf_static.a; sourceTree = "<group>"; };
		BB5D90D918A662C700EFAD92 /* libskia_static.a */ = {isa = PBXFileReference; lastKnownFileType = archive.ar; name = libskia_static.a; path = ../binaries/ios/fat/Debug/libskia_static.a; sourceTree = "<group>"; };
		BB5D90DA18A662C700EFAD92 /* libz_static.a */ = {isa = PBXFileReference; lastKnownFileType = archive.ar; name = libz_static.a; path = ../binaries/ios/fat/Debug/libz_static.a; sourceTree = "<group>"; };
		BB63333317C3643B00903AB1 /* libTestFlight.a */ = {isa = PBXFileReference; lastKnownFileType = archive.ar; name = libTestFlight.a; path = externals/TestFlight/libTestFlight.a; sourceTree = "<group>"; };
		BB63333417C3643B00903AB1 /* TestFlight.h */ = {isa = PBXFileReference; fileEncoding = 4; lastKnownFileType = sourcecode.c.h; name = TestFlight.h; path = externals/TestFlight/TestFlight.h; sourceTree = "<group>"; };
		BB63333517C3643B00903AB1 /* TestFlight+AsyncLogging.h */ = {isa = PBXFileReference; fileEncoding = 4; lastKnownFileType = sourcecode.c.h; name = "TestFlight+AsyncLogging.h"; path = "externals/TestFlight/TestFlight+AsyncLogging.h"; sourceTree = "<group>"; };
		BB63333617C3643B00903AB1 /* TestFlight+ManualSessions.h */ = {isa = PBXFileReference; fileEncoding = 4; lastKnownFileType = sourcecode.c.h; name = "TestFlight+ManualSessions.h"; path = "externals/TestFlight/TestFlight+ManualSessions.h"; sourceTree = "<group>"; };
		BB63333917C3648500903AB1 /* JASidePanelController.h */ = {isa = PBXFileReference; fileEncoding = 4; lastKnownFileType = sourcecode.c.h; name = JASidePanelController.h; path = externals/JASidePanels/upstream.patched/JASidePanels/Source/JASidePanelController.h; sourceTree = "<group>"; };
		BB63333A17C3648500903AB1 /* JASidePanelController.m */ = {isa = PBXFileReference; fileEncoding = 4; lastKnownFileType = sourcecode.c.objc; name = JASidePanelController.m; path = externals/JASidePanels/upstream.patched/JASidePanels/Source/JASidePanelController.m; sourceTree = "<group>"; };
		BB63333B17C3648500903AB1 /* UIViewController+JASidePanel.h */ = {isa = PBXFileReference; fileEncoding = 4; lastKnownFileType = sourcecode.c.h; name = "UIViewController+JASidePanel.h"; path = "externals/JASidePanels/upstream.patched/JASidePanels/Source/UIViewController+JASidePanel.h"; sourceTree = "<group>"; };
		BB63333C17C3648500903AB1 /* UIViewController+JASidePanel.m */ = {isa = PBXFileReference; fileEncoding = 4; lastKnownFileType = sourcecode.c.objc; name = "UIViewController+JASidePanel.m"; path = "externals/JASidePanels/upstream.patched/JASidePanels/Source/UIViewController+JASidePanel.m"; sourceTree = "<group>"; };
		BB63334317C3DE6F00903AB1 /* OAOptionsPanelViewController.h */ = {isa = PBXFileReference; fileEncoding = 4; lastKnownFileType = sourcecode.c.h; name = OAOptionsPanelViewController.h; path = Controllers/OAOptionsPanelViewController.h; sourceTree = "<group>"; };
		BB63334417C3DE6F00903AB1 /* OAOptionsPanelViewController.m */ = {isa = PBXFileReference; fileEncoding = 4; lastKnownFileType = sourcecode.c.objc; name = OAOptionsPanelViewController.m; path = Controllers/OAOptionsPanelViewController.m; sourceTree = "<group>"; };
		BB63334617C3DF5600903AB1 /* OAContextPanelViewController.h */ = {isa = PBXFileReference; fileEncoding = 4; lastKnownFileType = sourcecode.c.h; name = OAContextPanelViewController.h; path = Controllers/OAContextPanelViewController.h; sourceTree = "<group>"; };
		BB63334717C3DF5600903AB1 /* OAContextPanelViewController.m */ = {isa = PBXFileReference; fileEncoding = 4; lastKnownFileType = sourcecode.c.objc; name = OAContextPanelViewController.m; path = Controllers/OAContextPanelViewController.m; sourceTree = "<group>"; };
		BB63334917C3DF8100903AB1 /* OAMapPanelViewController.h */ = {isa = PBXFileReference; fileEncoding = 4; lastKnownFileType = sourcecode.c.h; name = OAMapPanelViewController.h; path = Controllers/OAMapPanelViewController.h; sourceTree = "<group>"; };
		BB63334A17C3DF8100903AB1 /* OAMapPanelViewController.m */ = {isa = PBXFileReference; fileEncoding = 4; lastKnownFileType = sourcecode.c.objc; name = OAMapPanelViewController.m; path = Controllers/OAMapPanelViewController.m; sourceTree = "<group>"; };
		BB63334F17C4CFD600903AB1 /* OAMapHudViewController.h */ = {isa = PBXFileReference; fileEncoding = 4; lastKnownFileType = sourcecode.c.h; name = OAMapHudViewController.h; path = Controllers/OAMapHudViewController.h; sourceTree = "<group>"; };
		BB63335017C4CFD600903AB1 /* OAMapHudViewController.m */ = {isa = PBXFileReference; fileEncoding = 4; lastKnownFileType = sourcecode.c.objc; name = OAMapHudViewController.m; path = Controllers/OAMapHudViewController.m; sourceTree = "<group>"; };
		BB63335517C4E3DE00903AB1 /* OAMapHudRootView.h */ = {isa = PBXFileReference; fileEncoding = 4; lastKnownFileType = sourcecode.c.h; name = OAMapHudRootView.h; path = Views/OAMapHudRootView.h; sourceTree = "<group>"; };
		BB63335617C4E3DE00903AB1 /* OAMapHudRootView.m */ = {isa = PBXFileReference; fileEncoding = 4; lastKnownFileType = sourcecode.c.objc; name = OAMapHudRootView.m; path = Views/OAMapHudRootView.m; sourceTree = "<group>"; };
		BB63335917C5388A00903AB1 /* UIViewController+OARootVC.h */ = {isa = PBXFileReference; fileEncoding = 4; lastKnownFileType = sourcecode.c.h; name = "UIViewController+OARootVC.h"; path = "Controllers/UIViewController+OARootVC.h"; sourceTree = "<group>"; };
		BB63335A17C5388A00903AB1 /* UIViewController+OARootVC.m */ = {isa = PBXFileReference; fileEncoding = 4; lastKnownFileType = sourcecode.c.objc; name = "UIViewController+OARootVC.m"; path = "Controllers/UIViewController+OARootVC.m"; sourceTree = "<group>"; };
		BBA858E517C222B200AADCC7 /* OAMapRendererViewController.h */ = {isa = PBXFileReference; fileEncoding = 4; lastKnownFileType = sourcecode.c.h; name = OAMapRendererViewController.h; path = Controllers/OAMapRendererViewController.h; sourceTree = "<group>"; };
		BBA858E617C222B200AADCC7 /* OAMapRendererViewController.mm */ = {isa = PBXFileReference; fileEncoding = 4; lastKnownFileType = sourcecode.cpp.objcpp; name = OAMapRendererViewController.mm; path = Controllers/OAMapRendererViewController.mm; sourceTree = "<group>"; };
		BBA858E817C222BD00AADCC7 /* OAMapRendererView.h */ = {isa = PBXFileReference; fileEncoding = 4; lastKnownFileType = sourcecode.c.h; name = OAMapRendererView.h; path = Views/OAMapRendererView.h; sourceTree = "<group>"; };
		BBA858E917C222BD00AADCC7 /* OAMapRendererView.mm */ = {isa = PBXFileReference; fileEncoding = 4; lastKnownFileType = sourcecode.cpp.objcpp; name = OAMapRendererView.mm; path = Views/OAMapRendererView.mm; sourceTree = "<group>"; };
		BBA858EB17C222C500AADCC7 /* README.md */ = {isa = PBXFileReference; fileEncoding = 4; lastKnownFileType = text; path = README.md; sourceTree = "<group>"; };
		BBA858F517C222DC00AADCC7 /* OsmAnd-Info.plist */ = {isa = PBXFileReference; fileEncoding = 4; lastKnownFileType = text.plist.xml; name = "OsmAnd-Info.plist"; path = "Resources/OsmAnd-Info.plist"; sourceTree = "<group>"; };
		BBA8590D17C24E8C00AADCC7 /* Default-568h@2x.png */ = {isa = PBXFileReference; lastKnownFileType = image.png; name = "Default-568h@2x.png"; path = "Resources/LaunchImages/Default-568h@2x.png"; sourceTree = "<group>"; };
		BBA8590F17C24E9500AADCC7 /* Default@2x.png */ = {isa = PBXFileReference; lastKnownFileType = image.png; name = "Default@2x.png"; path = "Resources/LaunchImages/Default@2x.png"; sourceTree = "<group>"; };
		BBA8591117C24E9B00AADCC7 /* Default.png */ = {isa = PBXFileReference; lastKnownFileType = image.png; name = Default.png; path = Resources/LaunchImages/Default.png; sourceTree = "<group>"; };
		BBA8591317C24EB500AADCC7 /* Default-Portrait~ipad.png */ = {isa = PBXFileReference; lastKnownFileType = image.png; name = "Default-Portrait~ipad.png"; path = "Resources/LaunchImages/Default-Portrait~ipad.png"; sourceTree = "<group>"; };
		BBA8591517C24EC700AADCC7 /* Default-Portrait@2x~ipad.png */ = {isa = PBXFileReference; lastKnownFileType = image.png; name = "Default-Portrait@2x~ipad.png"; path = "Resources/LaunchImages/Default-Portrait@2x~ipad.png"; sourceTree = "<group>"; };
		BBA8591717C24EDA00AADCC7 /* Default-Landscape~ipad.png */ = {isa = PBXFileReference; lastKnownFileType = image.png; name = "Default-Landscape~ipad.png"; path = "Resources/LaunchImages/Default-Landscape~ipad.png"; sourceTree = "<group>"; };
		BBA8591917C24EE800AADCC7 /* Default-Landscape@2x~ipad.png */ = {isa = PBXFileReference; lastKnownFileType = image.png; name = "Default-Landscape@2x~ipad.png"; path = "Resources/LaunchImages/Default-Landscape@2x~ipad.png"; sourceTree = "<group>"; };
		BBAC895717C252B2003CD1A4 /* Icon-72.png */ = {isa = PBXFileReference; lastKnownFileType = image.png; name = "Icon-72.png"; path = "Resources/AppIcons/Icon-72.png"; sourceTree = "<group>"; };
		BBAC895917C252B8003CD1A4 /* Icon-72@2x.png */ = {isa = PBXFileReference; lastKnownFileType = image.png; name = "Icon-72@2x.png"; path = "Resources/AppIcons/Icon-72@2x.png"; sourceTree = "<group>"; };
		BBAC895B17C252CD003CD1A4 /* Icon@2x.png */ = {isa = PBXFileReference; lastKnownFileType = image.png; name = "Icon@2x.png"; path = "Resources/AppIcons/Icon@2x.png"; sourceTree = "<group>"; };
		BBAC895D17C25A67003CD1A4 /* Icon.png */ = {isa = PBXFileReference; lastKnownFileType = image.png; name = Icon.png; path = Resources/AppIcons/Icon.png; sourceTree = "<group>"; };
		BBACF10717C61B1700EBA761 /* OptionsPanel.xib */ = {isa = PBXFileReference; fileEncoding = 4; lastKnownFileType = file.xib; name = OptionsPanel.xib; path = Resources/OptionsPanel.xib; sourceTree = "<group>"; };
		BBACF10917C61D8500EBA761 /* MapModeHUD.xib */ = {isa = PBXFileReference; fileEncoding = 4; lastKnownFileType = file.xib; name = MapModeHUD.xib; path = Resources/MapModeHUD.xib; sourceTree = "<group>"; };
		BBACF10B17C6293300EBA761 /* OsmAndApp.h */ = {isa = PBXFileReference; fileEncoding = 4; lastKnownFileType = sourcecode.c.h; path = OsmAndApp.h; sourceTree = "<group>"; };
		BBACF10C17C6293300EBA761 /* OsmAndApp.mm */ = {isa = PBXFileReference; fileEncoding = 4; lastKnownFileType = sourcecode.cpp.objcpp; path = OsmAndApp.mm; sourceTree = "<group>"; };
		BBB34EA2179BB42A004C5567 /* libQt5Core.a */ = {isa = PBXFileReference; lastKnownFileType = archive.ar; name = libQt5Core.a; path = "../core/externals/qtbase-ios/upstream.patched.ios.universal/lib/libQt5Core.a"; sourceTree = "<group>"; };
		BBB34EA3179BB42A004C5567 /* libQt5Network.a */ = {isa = PBXFileReference; lastKnownFileType = archive.ar; name = libQt5Network.a; path = "../core/externals/qtbase-ios/upstream.patched.ios.universal/lib/libQt5Network.a"; sourceTree = "<group>"; };
		BBB34EA4179BB42A004C5567 /* libQt5Sql.a */ = {isa = PBXFileReference; lastKnownFileType = archive.ar; name = libQt5Sql.a; path = "../core/externals/qtbase-ios/upstream.patched.ios.universal/lib/libQt5Sql.a"; sourceTree = "<group>"; };
		BBB34EA8179BBD21004C5567 /* libz.dylib */ = {isa = PBXFileReference; lastKnownFileType = "compiled.mach-o.dylib"; name = libz.dylib; path = usr/lib/libz.dylib; sourceTree = SDKROOT; };
		BBB34ED2179BC2CE004C5567 /* libskia_ios.a */ = {isa = PBXFileReference; lastKnownFileType = archive.ar; name = libskia_ios.a; path = "../core/externals/skia/build/Release-iphoneos/libskia_ios.a"; sourceTree = "<group>"; };
		BBB34ED6179BC516004C5567 /* CoreText.framework */ = {isa = PBXFileReference; lastKnownFileType = wrapper.framework; name = CoreText.framework; path = System/Library/Frameworks/CoreText.framework; sourceTree = SDKROOT; };
		BBB34ED8179BC6C3004C5567 /* libexpat_ios.a */ = {isa = PBXFileReference; lastKnownFileType = archive.ar; name = libexpat_ios.a; path = "../core/externals/expat/build/Release-iphoneos/libexpat_ios.a"; sourceTree = "<group>"; };
		BBB34EDA179BC9E4004C5567 /* libgdal_ios.a */ = {isa = PBXFileReference; lastKnownFileType = archive.ar; name = libgdal_ios.a; path = "../core/externals/gdal/build/Release-iphoneos/libgdal_ios.a"; sourceTree = "<group>"; };
		BBB34EDB179BC9E4004C5567 /* libgif_ios.a */ = {isa = PBXFileReference; lastKnownFileType = archive.ar; name = libgif_ios.a; path = "../core/externals/giflib/build/Release-iphoneos/libgif_ios.a"; sourceTree = "<group>"; };
		BBB34EDC179BC9E4004C5567 /* libjpeg_ios.a */ = {isa = PBXFileReference; lastKnownFileType = archive.ar; name = libjpeg_ios.a; path = "../core/externals/jpeg/build/Release-iphoneos/libjpeg_ios.a"; sourceTree = "<group>"; };
		BBB34EDD179BC9E4004C5567 /* libpng_ios.a */ = {isa = PBXFileReference; lastKnownFileType = archive.ar; name = libpng_ios.a; path = "../core/externals/libpng/build/Release-iphoneos/libpng_ios.a"; sourceTree = "<group>"; };
		BBB34EDE179BC9E4004C5567 /* libprotobuf_ios.a */ = {isa = PBXFileReference; lastKnownFileType = archive.ar; name = libprotobuf_ios.a; path = "../core/externals/protobuf/build/Release-iphoneos/libprotobuf_ios.a"; sourceTree = "<group>"; };
		BBB34EDF179BC9E4004C5567 /* libz_ios.a */ = {isa = PBXFileReference; lastKnownFileType = archive.ar; name = libz_ios.a; path = "../core/externals/zlib/build/Release-iphoneos/libz_ios.a"; sourceTree = "<group>"; };
		BBB34EE6179BF2A7004C5567 /* libiconv.dylib */ = {isa = PBXFileReference; lastKnownFileType = "compiled.mach-o.dylib"; name = libiconv.dylib; path = usr/lib/libiconv.dylib; sourceTree = SDKROOT; };
		BBB3F6AA18A4DEF0001C3175 /* Security.framework */ = {isa = PBXFileReference; lastKnownFileType = wrapper.framework; name = Security.framework; path = System/Library/Frameworks/Security.framework; sourceTree = SDKROOT; };
		BBB9AA2518D4BF690034AEAF /* GeneratedResources */ = {isa = PBXFileReference; lastKnownFileType = folder; path = GeneratedResources; sourceTree = "<group>"; };
		BBBDAD5918BBE74400E4A359 /* MapModeHUD~ipad.xib */ = {isa = PBXFileReference; fileEncoding = 4; lastKnownFileType = file.xib; name = "MapModeHUD~ipad.xib"; path = "Resources/MapModeHUD~ipad.xib"; sourceTree = "<group>"; };
		BBBDAD6518BBFC0F00E4A359 /* compassDirectionN.png */ = {isa = PBXFileReference; lastKnownFileType = image.png; path = compassDirectionN.png; sourceTree = "<group>"; };
		BBBDAD6618BBFC0F00E4A359 /* compassDirectionN@2x.png */ = {isa = PBXFileReference; lastKnownFileType = image.png; path = "compassDirectionN@2x.png"; sourceTree = "<group>"; };
		BBBDAD6718BBFC0F00E4A359 /* compassDirectionN@2x~ipad.png */ = {isa = PBXFileReference; lastKnownFileType = image.png; path = "compassDirectionN@2x~ipad.png"; sourceTree = "<group>"; };
		BBBDAD6818BBFC0F00E4A359 /* compassDirectionN~ipad.png */ = {isa = PBXFileReference; lastKnownFileType = image.png; path = "compassDirectionN~ipad.png"; sourceTree = "<group>"; };
		BBBDAD6A18BBFC0F00E4A359 /* followMapMode.png */ = {isa = PBXFileReference; lastKnownFileType = image.png; path = followMapMode.png; sourceTree = "<group>"; };
		BBBDAD6B18BBFC0F00E4A359 /* followMapMode@2x.png */ = {isa = PBXFileReference; lastKnownFileType = image.png; path = "followMapMode@2x.png"; sourceTree = "<group>"; };
		BBBDAD6C18BBFC0F00E4A359 /* followMapMode@2x~ipad.png */ = {isa = PBXFileReference; lastKnownFileType = image.png; path = "followMapMode@2x~ipad.png"; sourceTree = "<group>"; };
		BBBDAD6D18BBFC0F00E4A359 /* followMapMode~ipad.png */ = {isa = PBXFileReference; lastKnownFileType = image.png; path = "followMapMode~ipad.png"; sourceTree = "<group>"; };
		BBBDAD6F18BBFC0F00E4A359 /* freeMapMode.png */ = {isa = PBXFileReference; lastKnownFileType = image.png; path = freeMapMode.png; sourceTree = "<group>"; };
		BBBDAD7018BBFC0F00E4A359 /* freeMapMode@2x.png */ = {isa = PBXFileReference; lastKnownFileType = image.png; path = "freeMapMode@2x.png"; sourceTree = "<group>"; };
		BBBDAD7118BBFC0F00E4A359 /* freeMapMode@2x~ipad.png */ = {isa = PBXFileReference; lastKnownFileType = image.png; path = "freeMapMode@2x~ipad.png"; sourceTree = "<group>"; };
		BBBDAD7218BBFC0F00E4A359 /* freeMapMode~ipad.png */ = {isa = PBXFileReference; lastKnownFileType = image.png; path = "freeMapMode~ipad.png"; sourceTree = "<group>"; };
		BBBDAD7418BBFC0F00E4A359 /* positionTrackMapMode.png */ = {isa = PBXFileReference; lastKnownFileType = image.png; path = positionTrackMapMode.png; sourceTree = "<group>"; };
		BBBDAD7518BBFC0F00E4A359 /* positionTrackMapMode@2x.png */ = {isa = PBXFileReference; lastKnownFileType = image.png; path = "positionTrackMapMode@2x.png"; sourceTree = "<group>"; };
		BBBDAD7618BBFC0F00E4A359 /* positionTrackMapMode@2x~ipad.png */ = {isa = PBXFileReference; lastKnownFileType = image.png; path = "positionTrackMapMode@2x~ipad.png"; sourceTree = "<group>"; };
		BBBDAD7718BBFC0F00E4A359 /* positionTrackMapMode~ipad.png */ = {isa = PBXFileReference; lastKnownFileType = image.png; path = "positionTrackMapMode~ipad.png"; sourceTree = "<group>"; };
		BBBDAD8918BC008D00E4A359 /* mapModeButtonBackground.png */ = {isa = PBXFileReference; lastKnownFileType = image.png; path = mapModeButtonBackground.png; sourceTree = "<group>"; };
		BBBDAD8A18BC008D00E4A359 /* mapModeButtonBackground@2x.png */ = {isa = PBXFileReference; lastKnownFileType = image.png; path = "mapModeButtonBackground@2x.png"; sourceTree = "<group>"; };
		BBBDAD8B18BC008D00E4A359 /* mapModeButtonBackground@2x~ipad.png */ = {isa = PBXFileReference; lastKnownFileType = image.png; path = "mapModeButtonBackground@2x~ipad.png"; sourceTree = "<group>"; };
		BBBDAD8C18BC008D00E4A359 /* mapModeButtonBackground~ipad.png */ = {isa = PBXFileReference; lastKnownFileType = image.png; path = "mapModeButtonBackground~ipad.png"; sourceTree = "<group>"; };
		BBBDAD9218BC05EA00E4A359 /* optionsMenuButton.png */ = {isa = PBXFileReference; lastKnownFileType = image.png; path = optionsMenuButton.png; sourceTree = "<group>"; };
		BBBDAD9318BC05EA00E4A359 /* optionsMenuButton@2x.png */ = {isa = PBXFileReference; lastKnownFileType = image.png; path = "optionsMenuButton@2x.png"; sourceTree = "<group>"; };
		BBBDAD9418BC05EA00E4A359 /* optionsMenuButton@2x~ipad.png */ = {isa = PBXFileReference; lastKnownFileType = image.png; path = "optionsMenuButton@2x~ipad.png"; sourceTree = "<group>"; };
		BBBDAD9518BC05EA00E4A359 /* optionsMenuButton~ipad.png */ = {isa = PBXFileReference; lastKnownFileType = image.png; path = "optionsMenuButton~ipad.png"; sourceTree = "<group>"; };
		BBBDAD9B18BC08C100E4A359 /* compassButtonBackground.png */ = {isa = PBXFileReference; lastKnownFileType = image.png; path = compassButtonBackground.png; sourceTree = "<group>"; };
		BBBDAD9C18BC08C100E4A359 /* compassButtonBackground@2x.png */ = {isa = PBXFileReference; lastKnownFileType = image.png; path = "compassButtonBackground@2x.png"; sourceTree = "<group>"; };
		BBBDAD9D18BC08C100E4A359 /* compassButtonBackground@2x~ipad.png */ = {isa = PBXFileReference; lastKnownFileType = image.png; path = "compassButtonBackground@2x~ipad.png"; sourceTree = "<group>"; };
		BBBDAD9E18BC08C100E4A359 /* compassButtonBackground~ipad.png */ = {isa = PBXFileReference; lastKnownFileType = image.png; path = "compassButtonBackground~ipad.png"; sourceTree = "<group>"; };
		BBBDADA418BC95EF00E4A359 /* OAObserverProtocol.h */ = {isa = PBXFileReference; fileEncoding = 4; lastKnownFileType = sourcecode.c.h; name = OAObserverProtocol.h; path = Common/OAObserverProtocol.h; sourceTree = "<group>"; };
		BBBDADA518BC961200E4A359 /* OAObservableProtocol.h */ = {isa = PBXFileReference; fileEncoding = 4; lastKnownFileType = sourcecode.c.h; name = OAObservableProtocol.h; path = Common/OAObservableProtocol.h; sourceTree = "<group>"; };
		BBBDADA618BC963800E4A359 /* OAAutoObserverProxy.h */ = {isa = PBXFileReference; fileEncoding = 4; lastKnownFileType = sourcecode.c.h; name = OAAutoObserverProxy.h; path = Common/OAAutoObserverProxy.h; sourceTree = "<group>"; };
		BBBDADA718BC963800E4A359 /* OAAutoObserverProxy.m */ = {isa = PBXFileReference; fileEncoding = 4; lastKnownFileType = sourcecode.c.objc; name = OAAutoObserverProxy.m; path = Common/OAAutoObserverProxy.m; sourceTree = "<group>"; };
		BBBDADA918BC965100E4A359 /* OAObservable.h */ = {isa = PBXFileReference; fileEncoding = 4; lastKnownFileType = sourcecode.c.h; name = OAObservable.h; path = Common/OAObservable.h; sourceTree = "<group>"; };
		BBBDADAA18BC965100E4A359 /* OAObservable.m */ = {isa = PBXFileReference; fileEncoding = 4; lastKnownFileType = sourcecode.c.objc; name = OAObservable.m; path = Common/OAObservable.m; sourceTree = "<group>"; };
		BBBDADAF18BCBE6000E4A359 /* OsmAndAppProtocol.h */ = {isa = PBXFileReference; fileEncoding = 4; lastKnownFileType = sourcecode.c.h; path = OsmAndAppProtocol.h; sourceTree = "<group>"; };
		BBBDADB018BCBE7B00E4A359 /* OsmAndAppCppProtocol.h */ = {isa = PBXFileReference; fileEncoding = 4; lastKnownFileType = sourcecode.c.h; path = OsmAndAppCppProtocol.h; sourceTree = "<group>"; };
		BBBDADB118BCBE9700E4A359 /* OsmAndAppImpl.h */ = {isa = PBXFileReference; fileEncoding = 4; lastKnownFileType = sourcecode.c.h; path = OsmAndAppImpl.h; sourceTree = "<group>"; };
		BBBDADB218BCBE9700E4A359 /* OsmAndAppImpl.mm */ = {isa = PBXFileReference; fileEncoding = 4; lastKnownFileType = sourcecode.cpp.objcpp; path = OsmAndAppImpl.mm; sourceTree = "<group>"; };
		BBBDADB418BCC3FA00E4A359 /* CommonTypes.h */ = {isa = PBXFileReference; fileEncoding = 4; lastKnownFileType = sourcecode.c.h; path = CommonTypes.h; sourceTree = "<group>"; };
		BBBDADB518BCE77400E4A359 /* OALocationServices.h */ = {isa = PBXFileReference; fileEncoding = 4; lastKnownFileType = sourcecode.c.h; path = OALocationServices.h; sourceTree = "<group>"; };
		BBBDADB618BCE77400E4A359 /* OALocationServices.m */ = {isa = PBXFileReference; fileEncoding = 4; lastKnownFileType = sourcecode.c.objc; path = OALocationServices.m; sourceTree = "<group>"; };
		BBBDADB818BCF53500E4A359 /* CoreLocation.framework */ = {isa = PBXFileReference; lastKnownFileType = wrapper.framework; name = CoreLocation.framework; path = System/Library/Frameworks/CoreLocation.framework; sourceTree = SDKROOT; };
		BBBE454D1856544000F1C144 /* ExternalResourcesProvider.h */ = {isa = PBXFileReference; fileEncoding = 4; lastKnownFileType = sourcecode.c.h; name = ExternalResourcesProvider.h; path = Core/ExternalResourcesProvider.h; sourceTree = "<group>"; };
		BBBE454E1856544000F1C144 /* ExternalResourcesProvider.mm */ = {isa = PBXFileReference; fileEncoding = 4; lastKnownFileType = sourcecode.cpp.objcpp; name = ExternalResourcesProvider.mm; path = Core/ExternalResourcesProvider.mm; sourceTree = "<group>"; };
		BBD49BA318A01E80009DB4D5 /* drawable-xhdpi */ = {isa = PBXFileReference; lastKnownFileType = folder; name = "drawable-xhdpi"; path = "../resources/rendering_styles/style-icons/drawable-xhdpi"; sourceTree = "<group>"; };
/* End PBXFileReference section */

/* Begin PBXFrameworksBuildPhase section */
		BB098CEE1793F7FD00423944 /* Frameworks */ = {
			isa = PBXFrameworksBuildPhase;
			buildActionMask = 2147483647;
			files = (
				BB63333717C3643B00903AB1 /* libTestFlight.a in Frameworks */,
				BB5D90E018A662C800EFAD92 /* libOsmAndCore_static.a in Frameworks */,
				BB08E4F618B960F600BC6638 /* libicu4c_static.a in Frameworks */,
				BB5D90E218A662C800EFAD92 /* libprotobuf_static.a in Frameworks */,
				BB5D90DE18A662C800EFAD92 /* libglsl-optimizer_static.a in Frameworks */,
				BB5D90DC18A662C800EFAD92 /* libgdal_static.a in Frameworks */,
				BB5D90E318A662C800EFAD92 /* libskia_static.a in Frameworks */,
				BB5D90DB18A662C700EFAD92 /* libexpat_static.a in Frameworks */,
				BB5D90DD18A662C800EFAD92 /* libgif_static.a in Frameworks */,
				BB5D90DF18A662C800EFAD92 /* libjpeg_static.a in Frameworks */,
				BB5D90E118A662C800EFAD92 /* libpng_static.a in Frameworks */,
				BB5D90E418A662C800EFAD92 /* libz_static.a in Frameworks */,
				BBB3F6AB18A4DEF0001C3175 /* Security.framework in Frameworks */,
				BBB34ED7179BC516004C5567 /* CoreText.framework in Frameworks */,
				BB2545BE1798254B00E80B58 /* QuartzCore.framework in Frameworks */,
				BB2545BC1798253E00E80B58 /* OpenGLES.framework in Frameworks */,
				BB098CF51793F7FD00423944 /* UIKit.framework in Frameworks */,
				BB098CF71793F7FD00423944 /* Foundation.framework in Frameworks */,
				BB098CF91793F7FD00423944 /* CoreGraphics.framework in Frameworks */,
				BBBDADB918BCF53500E4A359 /* CoreLocation.framework in Frameworks */,
				BBB34EA5179BB42A004C5567 /* libQt5Core.a in Frameworks */,
				BBB34EA6179BB42A004C5567 /* libQt5Network.a in Frameworks */,
				BBB34EA7179BB42A004C5567 /* libQt5Sql.a in Frameworks */,
				BBB34EA9179BBD21004C5567 /* libz.dylib in Frameworks */,
				BBB34EE7179BF2A7004C5567 /* libiconv.dylib in Frameworks */,
			);
			runOnlyForDeploymentPostprocessing = 0;
		};
/* End PBXFrameworksBuildPhase section */

/* Begin PBXGroup section */
		BB098CE81793F7FD00423944 = {
			isa = PBXGroup;
			children = (
				BBA858EB17C222C500AADCC7 /* README.md */,
				BB10503218D058D0005322D8 /* ShippedResources */,
				BBB9AA2518D4BF690034AEAF /* GeneratedResources */,
				BBE57D4F17C2208600C349CC /* Resources */,
				BB098CFA1793F7FD00423944 /* Sources */,
				BB098CF31793F7FD00423944 /* Frameworks */,
				BB63333117C363F400903AB1 /* Externals */,
				BB098CF21793F7FD00423944 /* Products */,
			);
			sourceTree = "<group>";
		};
		BB098CF21793F7FD00423944 /* Products */ = {
			isa = PBXGroup;
			children = (
				BB098CF11793F7FD00423944 /* OsmAnd.app */,
			);
			name = Products;
			sourceTree = "<group>";
		};
		BB098CF31793F7FD00423944 /* Frameworks */ = {
			isa = PBXGroup;
			children = (
				BBBDADB818BCF53500E4A359 /* CoreLocation.framework */,
				BB08E4F518B960F600BC6638 /* libicu4c_static.a */,
				BB5D90D118A662C700EFAD92 /* libexpat_static.a */,
				BB5D90D218A662C700EFAD92 /* libgdal_static.a */,
				BB5D90D318A662C700EFAD92 /* libgif_static.a */,
				BB5D90D418A662C700EFAD92 /* libglsl-optimizer_static.a */,
				BB5D90D518A662C700EFAD92 /* libjpeg_static.a */,
				BB5D90D618A662C700EFAD92 /* libOsmAndCore_static.a */,
				BB5D90D718A662C700EFAD92 /* libpng_static.a */,
				BB5D90D818A662C700EFAD92 /* libprotobuf_static.a */,
				BB5D90D918A662C700EFAD92 /* libskia_static.a */,
				BB5D90DA18A662C700EFAD92 /* libz_static.a */,
				BBB34EA2179BB42A004C5567 /* libQt5Core.a */,
				BBB34EA3179BB42A004C5567 /* libQt5Network.a */,
				BBB34EA4179BB42A004C5567 /* libQt5Sql.a */,
				BBB34EA8179BBD21004C5567 /* libz.dylib */,
				BBB34EE6179BF2A7004C5567 /* libiconv.dylib */,
				BB2545AD1797287300E80B58 /* libOsmAndCore_ios.a */,
				BBB34ED2179BC2CE004C5567 /* libskia_ios.a */,
				BBB34ED8179BC6C3004C5567 /* libexpat_ios.a */,
				BBB34EDA179BC9E4004C5567 /* libgdal_ios.a */,
				BBB34EDB179BC9E4004C5567 /* libgif_ios.a */,
				BB35368817ACDD4E00AD6357 /* libglsl-optimizer_ios.a */,
				BBB34EDC179BC9E4004C5567 /* libjpeg_ios.a */,
				BBB34EDD179BC9E4004C5567 /* libpng_ios.a */,
				BBB34EDE179BC9E4004C5567 /* libprotobuf_ios.a */,
				BBB34EDF179BC9E4004C5567 /* libz_ios.a */,
				BBB3F6AA18A4DEF0001C3175 /* Security.framework */,
				BB2545BD1798254B00E80B58 /* QuartzCore.framework */,
				BB2545BB1798253E00E80B58 /* OpenGLES.framework */,
				BB098CF41793F7FD00423944 /* UIKit.framework */,
				BB098CF61793F7FD00423944 /* Foundation.framework */,
				BBB34ED6179BC516004C5567 /* CoreText.framework */,
				BB098CF81793F7FD00423944 /* CoreGraphics.framework */,
			);
			name = Frameworks;
			sourceTree = "<group>";
		};
		BB098CFA1793F7FD00423944 /* Sources */ = {
			isa = PBXGroup;
			children = (
				BBBDADA318BC958A00E4A359 /* Common */,
				BBBE40B01854DD7C00F1C144 /* Core */,
				BB2545B71798167600E80B58 /* Controllers */,
				BB2545B31798161500E80B58 /* Views */,
				BB098D001793F7FD00423944 /* main.m */,
				BB098D031793F7FD00423944 /* OAAppDelegate.h */,
				BB098D041793F7FD00423944 /* OAAppDelegate.mm */,
				BBACF10B17C6293300EBA761 /* OsmAndApp.h */,
				BBACF10C17C6293300EBA761 /* OsmAndApp.mm */,
				BBBDADAF18BCBE6000E4A359 /* OsmAndAppProtocol.h */,
				BBBDADB018BCBE7B00E4A359 /* OsmAndAppCppProtocol.h */,
				BBBDADB118BCBE9700E4A359 /* OsmAndAppImpl.h */,
				BBBDADB218BCBE9700E4A359 /* OsmAndAppImpl.mm */,
				BBBDADB418BCC3FA00E4A359 /* CommonTypes.h */,
				BBBDADB518BCE77400E4A359 /* OALocationServices.h */,
				BBBDADB618BCE77400E4A359 /* OALocationServices.m */,
			);
			path = Sources;
			sourceTree = "<group>";
		};
		BB2545B31798161500E80B58 /* Views */ = {
			isa = PBXGroup;
			children = (
				BBA858E817C222BD00AADCC7 /* OAMapRendererView.h */,
				BBA858E917C222BD00AADCC7 /* OAMapRendererView.mm */,
				BB63335517C4E3DE00903AB1 /* OAMapHudRootView.h */,
				BB63335617C4E3DE00903AB1 /* OAMapHudRootView.m */,
			);
			name = Views;
			sourceTree = "<group>";
		};
		BB2545B71798167600E80B58 /* Controllers */ = {
			isa = PBXGroup;
			children = (
				BB0EA14717C60AF9007B572D /* OARootViewController.h */,
				BB0EA14817C60AF9007B572D /* OARootViewController.m */,
				BB63334317C3DE6F00903AB1 /* OAOptionsPanelViewController.h */,
				BB63334417C3DE6F00903AB1 /* OAOptionsPanelViewController.m */,
				BB63334617C3DF5600903AB1 /* OAContextPanelViewController.h */,
				BB63334717C3DF5600903AB1 /* OAContextPanelViewController.m */,
				BB63334917C3DF8100903AB1 /* OAMapPanelViewController.h */,
				BB63334A17C3DF8100903AB1 /* OAMapPanelViewController.m */,
				BBA858E517C222B200AADCC7 /* OAMapRendererViewController.h */,
				BBA858E617C222B200AADCC7 /* OAMapRendererViewController.mm */,
				BB63334F17C4CFD600903AB1 /* OAMapHudViewController.h */,
				BB63335017C4CFD600903AB1 /* OAMapHudViewController.m */,
				BB63335917C5388A00903AB1 /* UIViewController+OARootVC.h */,
				BB63335A17C5388A00903AB1 /* UIViewController+OARootVC.m */,
			);
			name = Controllers;
			sourceTree = "<group>";
		};
		BB63333117C363F400903AB1 /* Externals */ = {
			isa = PBXGroup;
			children = (
				BB63333817C3644400903AB1 /* JASidePanels */,
				BB63333217C3642300903AB1 /* TestFlight */,
			);
			name = Externals;
			sourceTree = "<group>";
		};
		BB63333217C3642300903AB1 /* TestFlight */ = {
			isa = PBXGroup;
			children = (
				BB63333317C3643B00903AB1 /* libTestFlight.a */,
				BB63333417C3643B00903AB1 /* TestFlight.h */,
				BB63333517C3643B00903AB1 /* TestFlight+AsyncLogging.h */,
				BB63333617C3643B00903AB1 /* TestFlight+ManualSessions.h */,
			);
			name = TestFlight;
			sourceTree = "<group>";
		};
		BB63333817C3644400903AB1 /* JASidePanels */ = {
			isa = PBXGroup;
			children = (
				BB63333917C3648500903AB1 /* JASidePanelController.h */,
				BB63333A17C3648500903AB1 /* JASidePanelController.m */,
				BB63333B17C3648500903AB1 /* UIViewController+JASidePanel.h */,
				BB63333C17C3648500903AB1 /* UIViewController+JASidePanel.m */,
			);
			name = JASidePanels;
			sourceTree = "<group>";
		};
		BBA858FD17C222FC00AADCC7 /* AppIcons */ = {
			isa = PBXGroup;
			children = (
				BBAC895D17C25A67003CD1A4 /* Icon.png */,
				BBAC895B17C252CD003CD1A4 /* Icon@2x.png */,
				BBAC895917C252B8003CD1A4 /* Icon-72@2x.png */,
				BBAC895717C252B2003CD1A4 /* Icon-72.png */,
			);
			name = AppIcons;
			sourceTree = "<group>";
		};
		BBA858FE17C2230200AADCC7 /* LaunchImages */ = {
			isa = PBXGroup;
			children = (
				BBA8591917C24EE800AADCC7 /* Default-Landscape@2x~ipad.png */,
				BBA8591717C24EDA00AADCC7 /* Default-Landscape~ipad.png */,
				BBA8591517C24EC700AADCC7 /* Default-Portrait@2x~ipad.png */,
				BBA8591317C24EB500AADCC7 /* Default-Portrait~ipad.png */,
				BBA8591117C24E9B00AADCC7 /* Default.png */,
				BBA8590F17C24E9500AADCC7 /* Default@2x.png */,
				BBA8590D17C24E8C00AADCC7 /* Default-568h@2x.png */,
			);
			name = LaunchImages;
			sourceTree = "<group>";
		};
		BBBDAD3B18BBE6AD00E4A359 /* Icons */ = {
			isa = PBXGroup;
			children = (
				BBBDAD9A18BC08C100E4A359 /* compassButtonBackground */,
				BBBDAD9118BC05EA00E4A359 /* optionsMenuButton */,
				BBBDAD8818BC008D00E4A359 /* mapModeButtonBackground */,
				BBBDAD6418BBFC0F00E4A359 /* compassDirectionN */,
				BBBDAD6918BBFC0F00E4A359 /* followMapMode */,
				BBBDAD6E18BBFC0F00E4A359 /* freeMapMode */,
				BBBDAD7318BBFC0F00E4A359 /* positionTrackMapMode */,
			);
			name = Icons;
			sourceTree = "<group>";
		};
		BBBDAD6418BBFC0F00E4A359 /* compassDirectionN */ = {
			isa = PBXGroup;
			children = (
				BBBDAD6518BBFC0F00E4A359 /* compassDirectionN.png */,
				BBBDAD6618BBFC0F00E4A359 /* compassDirectionN@2x.png */,
				BBBDAD6718BBFC0F00E4A359 /* compassDirectionN@2x~ipad.png */,
				BBBDAD6818BBFC0F00E4A359 /* compassDirectionN~ipad.png */,
			);
			name = compassDirectionN;
			path = Resources/Icons/compassDirectionN;
			sourceTree = "<group>";
		};
		BBBDAD6918BBFC0F00E4A359 /* followMapMode */ = {
			isa = PBXGroup;
			children = (
				BBBDAD6A18BBFC0F00E4A359 /* followMapMode.png */,
				BBBDAD6B18BBFC0F00E4A359 /* followMapMode@2x.png */,
				BBBDAD6C18BBFC0F00E4A359 /* followMapMode@2x~ipad.png */,
				BBBDAD6D18BBFC0F00E4A359 /* followMapMode~ipad.png */,
			);
			name = followMapMode;
			path = Resources/Icons/followMapMode;
			sourceTree = "<group>";
		};
		BBBDAD6E18BBFC0F00E4A359 /* freeMapMode */ = {
			isa = PBXGroup;
			children = (
				BBBDAD6F18BBFC0F00E4A359 /* freeMapMode.png */,
				BBBDAD7018BBFC0F00E4A359 /* freeMapMode@2x.png */,
				BBBDAD7118BBFC0F00E4A359 /* freeMapMode@2x~ipad.png */,
				BBBDAD7218BBFC0F00E4A359 /* freeMapMode~ipad.png */,
			);
			name = freeMapMode;
			path = Resources/Icons/freeMapMode;
			sourceTree = "<group>";
		};
		BBBDAD7318BBFC0F00E4A359 /* positionTrackMapMode */ = {
			isa = PBXGroup;
			children = (
				BBBDAD7418BBFC0F00E4A359 /* positionTrackMapMode.png */,
				BBBDAD7518BBFC0F00E4A359 /* positionTrackMapMode@2x.png */,
				BBBDAD7618BBFC0F00E4A359 /* positionTrackMapMode@2x~ipad.png */,
				BBBDAD7718BBFC0F00E4A359 /* positionTrackMapMode~ipad.png */,
			);
			name = positionTrackMapMode;
			path = Resources/Icons/positionTrackMapMode;
			sourceTree = "<group>";
		};
		BBBDAD8818BC008D00E4A359 /* mapModeButtonBackground */ = {
			isa = PBXGroup;
			children = (
				BBBDAD8918BC008D00E4A359 /* mapModeButtonBackground.png */,
				BBBDAD8A18BC008D00E4A359 /* mapModeButtonBackground@2x.png */,
				BBBDAD8B18BC008D00E4A359 /* mapModeButtonBackground@2x~ipad.png */,
				BBBDAD8C18BC008D00E4A359 /* mapModeButtonBackground~ipad.png */,
			);
			name = mapModeButtonBackground;
			path = Resources/Icons/mapModeButtonBackground;
			sourceTree = "<group>";
		};
		BBBDAD9118BC05EA00E4A359 /* optionsMenuButton */ = {
			isa = PBXGroup;
			children = (
				BBBDAD9218BC05EA00E4A359 /* optionsMenuButton.png */,
				BBBDAD9318BC05EA00E4A359 /* optionsMenuButton@2x.png */,
				BBBDAD9418BC05EA00E4A359 /* optionsMenuButton@2x~ipad.png */,
				BBBDAD9518BC05EA00E4A359 /* optionsMenuButton~ipad.png */,
			);
			name = optionsMenuButton;
			path = Resources/Icons/optionsMenuButton;
			sourceTree = "<group>";
		};
		BBBDAD9A18BC08C100E4A359 /* compassButtonBackground */ = {
			isa = PBXGroup;
			children = (
				BBBDAD9B18BC08C100E4A359 /* compassButtonBackground.png */,
				BBBDAD9C18BC08C100E4A359 /* compassButtonBackground@2x.png */,
				BBBDAD9D18BC08C100E4A359 /* compassButtonBackground@2x~ipad.png */,
				BBBDAD9E18BC08C100E4A359 /* compassButtonBackground~ipad.png */,
			);
			name = compassButtonBackground;
			path = Resources/Icons/compassButtonBackground;
			sourceTree = "<group>";
		};
		BBBDADA318BC958A00E4A359 /* Common */ = {
			isa = PBXGroup;
			children = (
				BBBDADA418BC95EF00E4A359 /* OAObserverProtocol.h */,
				BBBDADA518BC961200E4A359 /* OAObservableProtocol.h */,
				BBBDADA618BC963800E4A359 /* OAAutoObserverProxy.h */,
				BBBDADA718BC963800E4A359 /* OAAutoObserverProxy.m */,
				BBBDADA918BC965100E4A359 /* OAObservable.h */,
				BBBDADAA18BC965100E4A359 /* OAObservable.m */,
			);
			name = Common;
			sourceTree = "<group>";
		};
		BBBE40B01854DD7C00F1C144 /* Core */ = {
			isa = PBXGroup;
			children = (
				BBBE454D1856544000F1C144 /* ExternalResourcesProvider.h */,
				BBBE454E1856544000F1C144 /* ExternalResourcesProvider.mm */,
			);
			name = Core;
			sourceTree = "<group>";
		};
		BBBE40B21854DDA800F1C144 /* Embedded */ = {
			isa = PBXGroup;
			children = (
				BBBE40B31854DDCB00F1C144 /* HD */,
			);
			name = Embedded;
			sourceTree = "<group>";
		};
		BBBE40B31854DDCB00F1C144 /* HD */ = {
			isa = PBXGroup;
			children = (
				BBD49BA318A01E80009DB4D5 /* drawable-xhdpi */,
			);
			name = HD;
			sourceTree = "<group>";
		};
		BBE57D4F17C2208600C349CC /* Resources */ = {
			isa = PBXGroup;
			children = (
				BBBDAD3B18BBE6AD00E4A359 /* Icons */,
				BBBE40B21854DDA800F1C144 /* Embedded */,
				BBA858FE17C2230200AADCC7 /* LaunchImages */,
				BBA858FD17C222FC00AADCC7 /* AppIcons */,
				BBA858F517C222DC00AADCC7 /* OsmAnd-Info.plist */,
				BBACF10717C61B1700EBA761 /* OptionsPanel.xib */,
				BBACF10917C61D8500EBA761 /* MapModeHUD.xib */,
				BBBDAD5918BBE74400E4A359 /* MapModeHUD~ipad.xib */,
				BB476B6918D4C7D90044D5E1 /* DriveModeHUD.xib */,
				BB476B6B18D4C7F30044D5E1 /* DriveModeHUD~ipad.xib */,
				BB476B6D18D4C8200044D5E1 /* NavigationModeHUD.xib */,
				BB476B6F18D4C83E0044D5E1 /* NavigationModeHUD~ipad.xib */,
			);
			name = Resources;
			sourceTree = "<group>";
		};
/* End PBXGroup section */

/* Begin PBXNativeTarget section */
		BB098CF01793F7FD00423944 /* OsmAnd */ = {
			isa = PBXNativeTarget;
			buildConfigurationList = BB098D0E1793F7FD00423944 /* Build configuration list for PBXNativeTarget "OsmAnd" */;
			buildPhases = (
				BB098CED1793F7FD00423944 /* Sources */,
				BB098CEE1793F7FD00423944 /* Frameworks */,
				BB098CEF1793F7FD00423944 /* Resources */,
			);
			buildRules = (
			);
			dependencies = (
				BB9B57BF17C5F817002EA93C /* PBXTargetDependency */,
			);
			name = OsmAnd;
			productName = OsmAnd;
			productReference = BB098CF11793F7FD00423944 /* OsmAnd.app */;
			productType = "com.apple.product-type.application";
		};
/* End PBXNativeTarget section */

/* Begin PBXProject section */
		BB098CE91793F7FD00423944 /* Project object */ = {
			isa = PBXProject;
			attributes = {
				CLASSPREFIX = OA;
				LastUpgradeCheck = 0500;
				ORGANIZATIONNAME = OsmAnd;
			};
			buildConfigurationList = BB098CEC1793F7FD00423944 /* Build configuration list for PBXProject "OsmAnd" */;
			compatibilityVersion = "Xcode 3.2";
			developmentRegion = English;
			hasScannedForEncodings = 0;
			knownRegions = (
				en,
			);
			mainGroup = BB098CE81793F7FD00423944;
			productRefGroup = BB098CF21793F7FD00423944 /* Products */;
			projectDirPath = "";
			projectRoot = "";
			targets = (
				BB098CF01793F7FD00423944 /* OsmAnd */,
				BB6B848917C263E000ACD753 /* OsmAnd Preparation */,
			);
		};
/* End PBXProject section */

/* Begin PBXResourcesBuildPhase section */
		BB098CEF1793F7FD00423944 /* Resources */ = {
			isa = PBXResourcesBuildPhase;
			buildActionMask = 2147483647;
			files = (
				BBBDAD8418BBFC0F00E4A359 /* positionTrackMapMode.png in Resources */,
				BBA8590E17C24E8C00AADCC7 /* Default-568h@2x.png in Resources */,
				BBA8591017C24E9500AADCC7 /* Default@2x.png in Resources */,
				BB476B6A18D4C7D90044D5E1 /* DriveModeHUD.xib in Resources */,
				BBBDAD9018BC008D00E4A359 /* mapModeButtonBackground~ipad.png in Resources */,
				BBA8591217C24E9B00AADCC7 /* Default.png in Resources */,
				BB10503318D058D0005322D8 /* ShippedResources in Resources */,
				BBBDAD8518BBFC0F00E4A359 /* positionTrackMapMode@2x.png in Resources */,
				BBA8591417C24EB500AADCC7 /* Default-Portrait~ipad.png in Resources */,
				BBA8591617C24EC700AADCC7 /* Default-Portrait@2x~ipad.png in Resources */,
				BBBDAD7B18BBFC0F00E4A359 /* compassDirectionN~ipad.png in Resources */,
				BBBDAD7E18BBFC0F00E4A359 /* followMapMode@2x~ipad.png in Resources */,
				BBBDADA018BC08C100E4A359 /* compassButtonBackground@2x.png in Resources */,
				BB476B6C18D4C7F30044D5E1 /* DriveModeHUD~ipad.xib in Resources */,
				BBBDAD9818BC05EA00E4A359 /* optionsMenuButton@2x~ipad.png in Resources */,
				BBBDAD8F18BC008D00E4A359 /* mapModeButtonBackground@2x~ipad.png in Resources */,
				BBBDAD8E18BC008D00E4A359 /* mapModeButtonBackground@2x.png in Resources */,
				BBBDAD8318BBFC0F00E4A359 /* freeMapMode~ipad.png in Resources */,
				BBA8591817C24EDB00AADCC7 /* Default-Landscape~ipad.png in Resources */,
				BBA8591A17C24EE800AADCC7 /* Default-Landscape@2x~ipad.png in Resources */,
				BBBDAD7C18BBFC0F00E4A359 /* followMapMode.png in Resources */,
				BBBDAD8018BBFC0F00E4A359 /* freeMapMode.png in Resources */,
				BBBDAD8118BBFC0F00E4A359 /* freeMapMode@2x.png in Resources */,
				BBAC895817C252B2003CD1A4 /* Icon-72.png in Resources */,
				BBBDAD7D18BBFC0F00E4A359 /* followMapMode@2x.png in Resources */,
				BBD49BA418A01E80009DB4D5 /* drawable-xhdpi in Resources */,
				BB476B7018D4C83E0044D5E1 /* NavigationModeHUD~ipad.xib in Resources */,
				BBBDAD7A18BBFC0F00E4A359 /* compassDirectionN@2x~ipad.png in Resources */,
				BBAC895A17C252B8003CD1A4 /* Icon-72@2x.png in Resources */,
				BBBDADA218BC08C100E4A359 /* compassButtonBackground~ipad.png in Resources */,
				BBB9AA2618D4BF690034AEAF /* GeneratedResources in Resources */,
				BBBDAD7818BBFC0F00E4A359 /* compassDirectionN.png in Resources */,
				BBBDAD9F18BC08C100E4A359 /* compassButtonBackground.png in Resources */,
				BBAC895C17C252CD003CD1A4 /* Icon@2x.png in Resources */,
				BBBDAD8218BBFC0F00E4A359 /* freeMapMode@2x~ipad.png in Resources */,
				BBBDAD9618BC05EA00E4A359 /* optionsMenuButton.png in Resources */,
				BBAC895E17C25A67003CD1A4 /* Icon.png in Resources */,
				BBBDAD8718BBFC0F00E4A359 /* positionTrackMapMode~ipad.png in Resources */,
				BBBDAD9718BC05EA00E4A359 /* optionsMenuButton@2x.png in Resources */,
				BBBDAD8618BBFC0F00E4A359 /* positionTrackMapMode@2x~ipad.png in Resources */,
				BBBDAD8D18BC008D00E4A359 /* mapModeButtonBackground.png in Resources */,
				BBBDAD7F18BBFC0F00E4A359 /* followMapMode~ipad.png in Resources */,
				BBBDAD7918BBFC0F00E4A359 /* compassDirectionN@2x.png in Resources */,
				BBACF10817C61B1700EBA761 /* OptionsPanel.xib in Resources */,
				BBACF10A17C61D8500EBA761 /* MapModeHUD.xib in Resources */,
				BB476B6E18D4C8200044D5E1 /* NavigationModeHUD.xib in Resources */,
				BBBDAD9918BC05EA00E4A359 /* optionsMenuButton~ipad.png in Resources */,
				BBBDAD5A18BBE74400E4A359 /* MapModeHUD~ipad.xib in Resources */,
				BBBDADA118BC08C100E4A359 /* compassButtonBackground@2x~ipad.png in Resources */,
			);
			runOnlyForDeploymentPostprocessing = 0;
		};
/* End PBXResourcesBuildPhase section */

/* Begin PBXShellScriptBuildPhase section */
		BB63333F17C364B100903AB1 /* Configure externals */ = {
			isa = PBXShellScriptBuildPhase;
			buildActionMask = 2147483647;
			files = (
			);
			inputPaths = (
			);
			name = "Configure externals";
			outputPaths = (
			);
			runOnlyForDeploymentPostprocessing = 0;
			shellPath = /bin/sh;
			shellScript = "#!/bin/sh\n\n\"$PROJECT_DIR/externals/configure.sh\"";
		};
		BB6B848D17C263ED00ACD753 /* Generate appversion */ = {
			isa = PBXShellScriptBuildPhase;
			buildActionMask = 2147483647;
			files = (
			);
			inputPaths = (
			);
			name = "Generate appversion";
			outputPaths = (
			);
			runOnlyForDeploymentPostprocessing = 0;
			shellPath = /bin/sh;
			shellScript = "#!/bin/sh\n\n\"$PROJECT_DIR/generate-appversion.sh\"";
		};
/* End PBXShellScriptBuildPhase section */

/* Begin PBXSourcesBuildPhase section */
		BB098CED1793F7FD00423944 /* Sources */ = {
			isa = PBXSourcesBuildPhase;
			buildActionMask = 2147483647;
			files = (
				BBBDADB318BCBE9700E4A359 /* OsmAndAppImpl.mm in Sources */,
				BB098D011793F7FD00423944 /* main.m in Sources */,
				BB098D051793F7FD00423944 /* OAAppDelegate.mm in Sources */,
				BBA858E717C222B200AADCC7 /* OAMapRendererViewController.mm in Sources */,
				BBA858EA17C222BD00AADCC7 /* OAMapRendererView.mm in Sources */,
				BB63333D17C3648500903AB1 /* JASidePanelController.m in Sources */,
				BBBDADAB18BC965100E4A359 /* OAObservable.m in Sources */,
				BBBE454F1856544000F1C144 /* ExternalResourcesProvider.mm in Sources */,
				BB63333E17C3648500903AB1 /* UIViewController+JASidePanel.m in Sources */,
				BB63334517C3DE6F00903AB1 /* OAOptionsPanelViewController.m in Sources */,
				BB63334817C3DF5600903AB1 /* OAContextPanelViewController.m in Sources */,
				BB63334B17C3DF8200903AB1 /* OAMapPanelViewController.m in Sources */,
				BB63335117C4CFD600903AB1 /* OAMapHudViewController.m in Sources */,
				BB63335717C4E3DE00903AB1 /* OAMapHudRootView.m in Sources */,
				BB63335B17C5388A00903AB1 /* UIViewController+OARootVC.m in Sources */,
				BB0EA14A17C60AF9007B572D /* OARootViewController.m in Sources */,
				BBBDADB718BCE77400E4A359 /* OALocationServices.m in Sources */,
				BBACF10D17C6293300EBA761 /* OsmAndApp.mm in Sources */,
				BBBDADA818BC963800E4A359 /* OAAutoObserverProxy.m in Sources */,
			);
			runOnlyForDeploymentPostprocessing = 0;
		};
/* End PBXSourcesBuildPhase section */

/* Begin PBXTargetDependency section */
		BB9B57BF17C5F817002EA93C /* PBXTargetDependency */ = {
			isa = PBXTargetDependency;
			target = BB6B848917C263E000ACD753 /* OsmAnd Preparation */;
			targetProxy = BB9B57BE17C5F817002EA93C /* PBXContainerItemProxy */;
		};
/* End PBXTargetDependency section */

/* Begin XCBuildConfiguration section */
		BB098D0C1793F7FD00423944 /* Debug */ = {
			isa = XCBuildConfiguration;
			buildSettings = {
				ALWAYS_SEARCH_USER_PATHS = NO;
				CLANG_CXX_LANGUAGE_STANDARD = "c++0x";
				CLANG_CXX_LIBRARY = "libc++";
				CLANG_ENABLE_OBJC_ARC = YES;
				CLANG_WARN_BOOL_CONVERSION = YES;
				CLANG_WARN_CONSTANT_CONVERSION = YES;
				CLANG_WARN_EMPTY_BODY = YES;
				CLANG_WARN_ENUM_CONVERSION = YES;
				CLANG_WARN_INT_CONVERSION = YES;
				CLANG_WARN__DUPLICATE_METHOD_MATCH = YES;
				"CODE_SIGN_IDENTITY[sdk=iphoneos*]" = "iPhone Developer";
				COMPRESS_PNG_FILES = NO;
				CONFIGURATION_BUILD_DIR = "${PROJECT_DIR}/../binaries/ios${EFFECTIVE_PLATFORM_NAME}/$(CONFIGURATION)";
				COPY_PHASE_STRIP = NO;
				GCC_C_LANGUAGE_STANDARD = c99;
				GCC_DYNAMIC_NO_PIC = NO;
				GCC_OPTIMIZATION_LEVEL = 0;
				GCC_PREPROCESSOR_DEFINITIONS = (
					"BUILD_$(CONFIGURATION)",
					"DEBUG=1",
					"$(inherited)",
				);
				GCC_SYMBOLS_PRIVATE_EXTERN = NO;
				GCC_VERSION = com.apple.compilers.llvm.clang.1_0;
				GCC_WARN_64_TO_32_BIT_CONVERSION = YES;
				GCC_WARN_ABOUT_RETURN_TYPE = YES;
				GCC_WARN_UNDECLARED_SELECTOR = YES;
				GCC_WARN_UNINITIALIZED_AUTOS = YES;
				GCC_WARN_UNUSED_FUNCTION = YES;
				GCC_WARN_UNUSED_VARIABLE = YES;
				INFOPLIST_PREFIX_HEADER = "$(BUILD_DIR)/appversion.prefix";
				INFOPLIST_PREPROCESS = YES;
				IPHONEOS_DEPLOYMENT_TARGET = 6.0;
				ONLY_ACTIVE_ARCH = YES;
				PLATFORM_DEFINITIONS = "";
				SDKROOT = iphoneos;
				TARGETED_DEVICE_FAMILY = "1,2";
				VALID_ARCHS = "$(ARCHS_STANDARD_32_BIT)";
			};
			name = Debug;
		};
		BB098D0D1793F7FD00423944 /* Release */ = {
			isa = XCBuildConfiguration;
			buildSettings = {
				ALWAYS_SEARCH_USER_PATHS = NO;
				CLANG_CXX_LANGUAGE_STANDARD = "c++0x";
				CLANG_CXX_LIBRARY = "libc++";
				CLANG_ENABLE_OBJC_ARC = YES;
				CLANG_WARN_BOOL_CONVERSION = YES;
				CLANG_WARN_CONSTANT_CONVERSION = YES;
				CLANG_WARN_EMPTY_BODY = YES;
				CLANG_WARN_ENUM_CONVERSION = YES;
				CLANG_WARN_INT_CONVERSION = YES;
				CLANG_WARN__DUPLICATE_METHOD_MATCH = YES;
				"CODE_SIGN_IDENTITY[sdk=iphoneos*]" = "iPhone Developer";
				COMPRESS_PNG_FILES = NO;
				CONFIGURATION_BUILD_DIR = "${PROJECT_DIR}/../binaries/ios${EFFECTIVE_PLATFORM_NAME}/$(CONFIGURATION)";
				COPY_PHASE_STRIP = YES;
				GCC_C_LANGUAGE_STANDARD = c99;
				GCC_PREPROCESSOR_DEFINITIONS = (
					"BUILD_$(CONFIGURATION)",
					"$(inherited)",
				);
				GCC_VERSION = com.apple.compilers.llvm.clang.1_0;
				GCC_WARN_64_TO_32_BIT_CONVERSION = YES;
				GCC_WARN_ABOUT_RETURN_TYPE = YES;
				GCC_WARN_UNDECLARED_SELECTOR = YES;
				GCC_WARN_UNINITIALIZED_AUTOS = YES;
				GCC_WARN_UNUSED_FUNCTION = YES;
				GCC_WARN_UNUSED_VARIABLE = YES;
				INFOPLIST_PREFIX_HEADER = "$(BUILD_DIR)/appversion.prefix";
				INFOPLIST_PREPROCESS = YES;
				IPHONEOS_DEPLOYMENT_TARGET = 6.0;
				OTHER_CFLAGS = "-DNS_BLOCK_ASSERTIONS=1";
				PLATFORM_DEFINITIONS = "";
				SDKROOT = iphoneos;
				TARGETED_DEVICE_FAMILY = "1,2";
				VALIDATE_PRODUCT = YES;
				VALID_ARCHS = "$(ARCHS_STANDARD_32_BIT)";
			};
			name = Release;
		};
		BB098D0F1793F7FD00423944 /* Debug */ = {
			isa = XCBuildConfiguration;
			buildSettings = {
				GCC_PRECOMPILE_PREFIX_HEADER = NO;
				GCC_PREFIX_HEADER = "";
				GCC_PREPROCESSOR_DEFINITIONS = (
					"$(inherited)",
					"$(PLATFORM_DEFINITIONS)",
				);
				HEADER_SEARCH_PATHS = (
					"${PROJECT_DIR}/../core/include",
					"${PROJECT_DIR}/../core/externals/qtbase-ios/upstream.patched.ios${EFFECTIVE_PLATFORM_NAME}/include",
					"${PROJECT_DIR}/../core/externals/qtbase-ios/upstream.patched.ios${EFFECTIVE_PLATFORM_NAME}/include/QtCore",
					"${PROJECT_DIR}/../core/externals/skia/upstream.patched/include/**",
				);
				INFOPLIST_FILE = "$(SRCROOT)/Resources/OsmAnd-Info.plist";
				LIBRARY_SEARCH_PATHS = (
					"$(inherited)",
					"${PROJECT_DIR}/../core/externals/qtbase-ios/upstream.patched.ios/lib",
					"${PROJECT_DIR}/../binaries/ios${EFFECTIVE_PLATFORM_NAME}/$(CONFIGURATION)",
					"$(SRCROOT)/externals/TestFlight",
				);
				PLATFORM_DEFINITIONS = "NDEBUG RELEASE OSMAND_TARGET_OS_ios OSMAND_TARGET_CPU_ARCH_fat OSMAND_TARGET_CPU_ARCH_FAMILY_fat OSMAND_COMPILER_FAMILY_clang NOMINMAX OSMAND_CORE_STATIC GLM_SWIZZLE OSMAND_OPENGLES2_RENDERER_SUPPORTED SK_BUILD_FOR_IOS SK_USE_CORETEXT XML_STATIC Z_PREFIX GOOGLE_PROTOBUF_NO_RTTI";
				PRODUCT_NAME = "$(TARGET_NAME)";
				WRAPPER_EXTENSION = app;
			};
			name = Debug;
		};
		BB098D101793F7FD00423944 /* Release */ = {
			isa = XCBuildConfiguration;
			buildSettings = {
				GCC_PRECOMPILE_PREFIX_HEADER = NO;
				GCC_PREFIX_HEADER = "";
				GCC_PREPROCESSOR_DEFINITIONS = "$(PLATFORM_DEFINITIONS)";
				HEADER_SEARCH_PATHS = (
					"${PROJECT_DIR}/../core/include",
					"${PROJECT_DIR}/../core/externals/qtbase-ios/upstream.patched.ios${EFFECTIVE_PLATFORM_NAME}/include",
					"${PROJECT_DIR}/../core/externals/qtbase-ios/upstream.patched.ios${EFFECTIVE_PLATFORM_NAME}/include/QtCore",
					"${PROJECT_DIR}/../core/externals/skia/upstream.patched/include/**",
				);
				INFOPLIST_FILE = "$(SRCROOT)/Resources/OsmAnd-Info.plist";
				LIBRARY_SEARCH_PATHS = (
					"$(inherited)",
					"${PROJECT_DIR}/../core/externals/qtbase-ios/upstream.patched.ios/lib",
					"${PROJECT_DIR}/../binaries/ios${EFFECTIVE_PLATFORM_NAME}/$(CONFIGURATION)",
					"$(SRCROOT)/externals/TestFlight",
				);
				PLATFORM_DEFINITIONS = "NDEBUG RELEASE OSMAND_TARGET_OS_ios OSMAND_TARGET_CPU_ARCH_fat OSMAND_TARGET_CPU_ARCH_FAMILY_fat OSMAND_COMPILER_FAMILY_clang NOMINMAX OSMAND_CORE_STATIC GLM_SWIZZLE OSMAND_OPENGLES2_RENDERER_SUPPORTED SK_BUILD_FOR_IOS SK_USE_CORETEXT XML_STATIC Z_PREFIX GOOGLE_PROTOBUF_NO_RTTI";
				PRODUCT_NAME = "$(TARGET_NAME)";
				WRAPPER_EXTENSION = app;
			};
			name = Release;
		};
		BB6B848B17C263E000ACD753 /* Debug */ = {
			isa = XCBuildConfiguration;
			buildSettings = {
				PRODUCT_NAME = "$(TARGET_NAME)";
			};
			name = Debug;
		};
		BB6B848C17C263E000ACD753 /* Release */ = {
			isa = XCBuildConfiguration;
			buildSettings = {
				PRODUCT_NAME = "$(TARGET_NAME)";
			};
			name = Release;
		};
/* End XCBuildConfiguration section */

/* Begin XCConfigurationList section */
		BB098CEC1793F7FD00423944 /* Build configuration list for PBXProject "OsmAnd" */ = {
			isa = XCConfigurationList;
			buildConfigurations = (
				BB098D0C1793F7FD00423944 /* Debug */,
				BB098D0D1793F7FD00423944 /* Release */,
			);
			defaultConfigurationIsVisible = 0;
			defaultConfigurationName = Release;
		};
		BB098D0E1793F7FD00423944 /* Build configuration list for PBXNativeTarget "OsmAnd" */ = {
			isa = XCConfigurationList;
			buildConfigurations = (
				BB098D0F1793F7FD00423944 /* Debug */,
				BB098D101793F7FD00423944 /* Release */,
			);
			defaultConfigurationIsVisible = 0;
			defaultConfigurationName = Release;
		};
		BB6B848A17C263E000ACD753 /* Build configuration list for PBXAggregateTarget "OsmAnd Preparation" */ = {
			isa = XCConfigurationList;
			buildConfigurations = (
				BB6B848B17C263E000ACD753 /* Debug */,
				BB6B848C17C263E000ACD753 /* Release */,
			);
			defaultConfigurationIsVisible = 0;
			defaultConfigurationName = Release;
		};
/* End XCConfigurationList section */
	};
	rootObject = BB098CE91793F7FD00423944 /* Project object */;
}
